
Microsoft Visual Studio Solution File, Format Version 12.00
# Visual Studio Version 17
VisualStudioVersion = 17.4.33213.308
MinimumVisualStudioVersion = 10.0.40219.1
Project("{FAE04EC0-301F-11D3-BF4B-00C04F79EFBC}") = "LoginESenha", "LoginESenha\LoginESenha.csproj", "{13130197-13B9-4233-8453-35A9F57EE6F7}"
EndProject
Global
	GlobalSection(SolutionConfigurationPlatforms) = preSolution
		Debug|Any CPU = Debug|Any CPU
		Release|Any CPU = Release|Any CPU
	EndGlobalSection
	GlobalSection(ProjectConfigurationPlatforms) = postSolution
		{13130197-13B9-4233-8453-35A9F57EE6F7}.Debug|Any CPU.ActiveCfg = Debug|Any CPU
		{13130197-13B9-4233-8453-35A9F57EE6F7}.Debug|Any CPU.Build.0 = Debug|Any CPU
		{13130197-13B9-4233-8453-35A9F57EE6F7}.Release|Any CPU.ActiveCfg = Release|Any CPU
		{13130197-13B9-4233-8453-35A9F57EE6F7}.Release|Any CPU.Build.0 = Release|Any CPU
	EndGlobalSection
	GlobalSection(SolutionProperties) = preSolution
		HideSolutionNode = FALSE
	EndGlobalSection
	GlobalSection(ExtensibilityGlobals) = postSolution
		SolutionGuid = {B6E1AAC6-0EFA-4E33-843B-1F4569CA03D0}
	EndGlobalSection
EndGlobal
